Microsoft Visual Studio Solution File, Format Version 12.00
# Visual Studio Version 17
VisualStudioVersion = 17.5.2.0
MinimumVisualStudioVersion = 10.0.40219.1
Project("{FAE04EC0-301F-11D3-BF4B-00C04F79EFBC}") = "Clase5_Roberto_LiceoDonBosco", "Clase5_Roberto_LiceoDonBosco.csproj", "{2D937EA6-378D-0E10-0354-D8E8DCAE6637}"
EndProject
Global
	GlobalSection(SolutionConfigurationPlatforms) = preSolution
		Debug|Any CPU = Debug|Any CPU
		Release|Any CPU = Release|Any CPU
	EndGlobalSection
	GlobalSection(ProjectConfigurationPlatforms) = postSolution
		{2D937EA6-378D-0E10-0354-D8E8DCAE6637}.Debug|Any CPU.ActiveCfg = Debug|Any CPU
		{2D937EA6-378D-0E10-0354-D8E8DCAE6637}.Debug|Any CPU.Build.0 = Debug|Any CPU
		{2D937EA6-378D-0E10-0354-D8E8DCAE6637}.Release|Any CPU.ActiveCfg = Release|Any CPU
		{2D937EA6-378D-0E10-0354-D8E8DCAE6637}.Release|Any CPU.Build.0 = Release|Any CPU
	EndGlobalSection
	GlobalSection(SolutionProperties) = preSolution
		HideSolutionNode = FALSE
	EndGlobalSection
	GlobalSection(ExtensibilityGlobals) = postSolution
		SolutionGuid = {A009B920-4595-4DFB-95EF-0C48C1E7AD25}
	EndGlobalSection
EndGlobal
